
Microsoft Visual Studio Solution File, Format Version 12.00
# Visual Studio Version 17
VisualStudioVersion = 17.7.34031.279
MinimumVisualStudioVersion = 10.0.40219.1
Project("{FAE04EC0-301F-11D3-BF4B-00C04F79EFBC}") = "E-CommerceApp", "E-CommerceApp\E-CommerceApp.csproj", "{46B01661-4039-4088-9F60-F90630924390}"
EndProject
Global
	GlobalSection(SolutionConfigurationPlatforms) = preSolution
		Debug|Any CPU = Debug|Any CPU
		Release|Any CPU = Release|Any CPU
	EndGlobalSection
	GlobalSection(ProjectConfigurationPlatforms) = postSolution
		{46B01661-4039-4088-9F60-F90630924390}.Debug|Any CPU.ActiveCfg = Debug|Any CPU
		{46B01661-4039-4088-9F60-F90630924390}.Debug|Any CPU.Build.0 = Debug|Any CPU
		{46B01661-4039-4088-9F60-F90630924390}.Release|Any CPU.ActiveCfg = Release|Any CPU
		{46B01661-4039-4088-9F60-F90630924390}.Release|Any CPU.Build.0 = Release|Any CPU
	EndGlobalSection
	GlobalSection(SolutionProperties) = preSolution
		HideSolutionNode = FALSE
	EndGlobalSection
	GlobalSection(ExtensibilityGlobals) = postSolution
		SolutionGuid = {CC078AB2-B217-4645-AE1D-C44CCEC60619}
	EndGlobalSection
EndGlobal
